
Microsoft Visual Studio Solution File, Format Version 12.00
# Visual Studio 15
VisualStudioVersion = 15.0.28307.572
MinimumVisualStudioVersion = 10.0.40219.1
Project("{FAE04EC0-301F-11D3-BF4B-00C04F79EFBC}") = "Gizmoskip_Mage_Simulator", "Gizmoskip_Mage_Simulator\Gizmoskip_Mage_Simulator.csproj", "{07241B88-CC8D-48C4-9CED-C7380F6941DB}"
EndProject
Global
	GlobalSection(SolutionConfigurationPlatforms) = preSolution
		Debug|ARM = Debug|ARM
		Debug|ARM64 = Debug|ARM64
		Debug|x64 = Debug|x64
		Debug|x86 = Debug|x86
		Release|ARM = Release|ARM
		Release|ARM64 = Release|ARM64
		Release|x64 = Release|x64
		Release|x86 = Release|x86
	EndGlobalSection
	GlobalSection(ProjectConfigurationPlatforms) = postSolution
		{07241B88-CC8D-48C4-9CED-C7380F6941DB}.Debug|ARM.ActiveCfg = Debug|ARM
		{07241B88-CC8D-48C4-9CED-C7380F6941DB}.Debug|ARM.Build.0 = Debug|ARM
		{07241B88-CC8D-48C4-9CED-C7380F6941DB}.Debug|ARM.Deploy.0 = Debug|ARM
		{07241B88-CC8D-48C4-9CED-C7380F6941DB}.Debug|ARM64.ActiveCfg = Debug|ARM64
		{07241B88-CC8D-48C4-9CED-C7380F6941DB}.Debug|ARM64.Build.0 = Debug|ARM64
		{07241B88-CC8D-48C4-9CED-C7380F6941DB}.Debug|ARM64.Deploy.0 = Debug|ARM64
		{07241B88-CC8D-48C4-9CED-C7380F6941DB}.Debug|x64.ActiveCfg = Debug|x64
		{07241B88-CC8D-48C4-9CED-C7380F6941DB}.Debug|x64.Build.0 = Debug|x64
		{07241B88-CC8D-48C4-9CED-C7380F6941DB}.Debug|x64.Deploy.0 = Debug|x64
		{07241B88-CC8D-48C4-9CED-C7380F6941DB}.Debug|x86.ActiveCfg = Debug|x86
		{07241B88-CC8D-48C4-9CED-C7380F6941DB}.Debug|x86.Build.0 = Debug|x86
		{07241B88-CC8D-48C4-9CED-C7380F6941DB}.Debug|x86.Deploy.0 = Debug|x86
		{07241B88-CC8D-48C4-9CED-C7380F6941DB}.Release|ARM.ActiveCfg = Release|ARM
		{07241B88-CC8D-48C4-9CED-C7380F6941DB}.Release|ARM.Build.0 = Release|ARM
		{07241B88-CC8D-48C4-9CED-C7380F6941DB}.Release|ARM.Deploy.0 = Release|ARM
		{07241B88-CC8D-48C4-9CED-C7380F6941DB}.Release|ARM64.ActiveCfg = Release|ARM64
		{07241B88-CC8D-48C4-9CED-C7380F6941DB}.Release|ARM64.Build.0 = Release|ARM64
		{07241B88-CC8D-48C4-9CED-C7380F6941DB}.Release|ARM64.Deploy.0 = Release|ARM64
		{07241B88-CC8D-48C4-9CED-C7380F6941DB}.Release|x64.ActiveCfg = Release|x64
		{07241B88-CC8D-48C4-9CED-C7380F6941DB}.Release|x64.Build.0 = Release|x64
		{07241B88-CC8D-48C4-9CED-C7380F6941DB}.Release|x64.Deploy.0 = Release|x64
		{07241B88-CC8D-48C4-9CED-C7380F6941DB}.Release|x86.ActiveCfg = Release|x86
		{07241B88-CC8D-48C4-9CED-C7380F6941DB}.Release|x86.Build.0 = Release|x86
		{07241B88-CC8D-48C4-9CED-C7380F6941DB}.Release|x86.Deploy.0 = Release|x86
	EndGlobalSection
	GlobalSection(SolutionProperties) = preSolution
		HideSolutionNode = FALSE
	EndGlobalSection
	GlobalSection(ExtensibilityGlobals) = postSolution
		SolutionGuid = {DFDA8EF5-A9CA-41BE-A67E-AD1FAE20A1BF}
	EndGlobalSection
EndGlobal
